{
  "version": 4,
  "terraform_version": "0.12.26",
  "serial": 449,
  "lineage": "36b42d9b-997f-fce9-36d3-184f3ce991c4",
  "outputs": {
    "Bucket_name": {
      "value": "abhishek.bucket.002",
      "type": "string"
    }
  },
  "resources": [
    {
      "mode": "managed",
      "type": "aws_cloudfront_distribution",
      "name": "for_s3_image",
      "provider": "provider.aws",
      "instances": []
    },
    {
      "mode": "managed",
      "type": "aws_ebs_volume",
      "name": "ebs_1_GiB",
      "provider": "provider.aws",
      "instances": []
    },
    {
      "mode": "managed",
      "type": "aws_key_pair",
      "name": "key01",
      "provider": "provider.aws",
      "instances": [
        {
          "schema_version": 1,
          "attributes": {
            "fingerprint": "2f:48:d4:d5:d7:11:e8:89:e0:3f:7b:62:4c:42:ed:78",
            "id": "web_OS_key",
            "key_name": "web_OS_key",
            "key_name_prefix": null,
            "key_pair_id": "key-0228a75d1b9f6039d",
            "public_key": "ssh-rsa AAAAB3NzaC1yc2EAAAADAQABAAABAQDBsKLjjao9SuCL541ULHuqhpNcA7CkRHycTs+Gxkd9t/F2zSw+0R0NGRgzlKaPagHpmFrdJXAcDOaYlkVPSkymf41Js4083DVs4RiRr0NOjuqxXeqB+qcmar6zi6BNzeU2CWRhovk6VkIT+OOcnF1f6ux34ZSReGIBV665V+OaBdtfKplTC1f59gt3Uvxggi/43tqQkuivu6p3fQdlfzk/jEV65SpW3Oj7K204R+oIu93spqiyPVb9gGQA03RPqihTQiIqXJQwPEEoLAhmMucDDKEq27YLhtLmXEEkDBCsKp02xy/ba+4wpgU/D1hHgMrHdoQzmFEN8U8ExdrKIdup",
            "tags": {}
          },
          "private": "eyJzY2hlbWFfdmVyc2lvbiI6IjEifQ==",
          "dependencies": [
            "tls_private_key.key01"
          ]
        }
      ]
    },
    {
      "mode": "managed",
      "type": "aws_s3_bucket",
      "name": "bucket_for_image",
      "provider": "provider.aws",
      "instances": [
        {
          "status": "tainted",
          "schema_version": 0,
          "attributes": {
            "acceleration_status": "",
            "acl": "public-read",
            "arn": "arn:aws:s3:::abhishek.bucket.002",
            "bucket": "abhishek.bucket.002",
            "bucket_domain_name": "abhishek.bucket.002.s3.amazonaws.com",
            "bucket_prefix": null,
            "bucket_regional_domain_name": "abhishek.bucket.002.s3.amazonaws.com",
            "cors_rule": [],
            "force_destroy": false,
            "grant": [],
            "hosted_zone_id": "Z3AQBSTGFYJSTF",
            "id": "abhishek.bucket.002",
            "lifecycle_rule": [],
            "logging": [],
            "object_lock_configuration": [],
            "policy": null,
            "region": "us-east-1",
            "replication_configuration": [],
            "request_payer": "BucketOwner",
            "server_side_encryption_configuration": [],
            "tags": {
              "Name": "bucket_terra"
            },
            "versioning": [
              {
                "enabled": false,
                "mfa_delete": false
              }
            ],
            "website": [],
            "website_domain": null,
            "website_endpoint": null
          },
          "private": "bnVsbA==",
          "dependencies": [
            "null_resource.local_exec"
          ]
        }
      ]
    },
    {
      "mode": "managed",
      "type": "aws_security_group",
      "name": "allow_ssh",
      "provider": "provider.aws",
      "instances": [
        {
          "schema_version": 1,
          "attributes": {
            "arn": "arn:aws:ec2:us-east-1:049048201435:security-group/sg-07776cfd0aa3d87e7",
            "description": "Allow SSH inbound traffic",
            "egress": [
              {
                "cidr_blocks": [
                  "0.0.0.0/0"
                ],
                "description": "",
                "from_port": 0,
                "ipv6_cidr_blocks": [],
                "prefix_list_ids": [],
                "protocol": "-1",
                "security_groups": [],
                "self": false,
                "to_port": 0
              }
            ],
            "id": "sg-07776cfd0aa3d87e7",
            "ingress": [
              {
                "cidr_blocks": [
                  "0.0.0.0/0"
                ],
                "description": "HTTP",
                "from_port": 80,
                "ipv6_cidr_blocks": [],
                "prefix_list_ids": [],
                "protocol": "tcp",
                "security_groups": [],
                "self": false,
                "to_port": 80
              },
              {
                "cidr_blocks": [
                  "0.0.0.0/0"
                ],
                "description": "SSH",
                "from_port": 22,
                "ipv6_cidr_blocks": [],
                "prefix_list_ids": [],
                "protocol": "tcp",
                "security_groups": [],
                "self": false,
                "to_port": 22
              }
            ],
            "name": "allow_ssh",
            "name_prefix": null,
            "owner_id": "049048201435",
            "revoke_rules_on_delete": false,
            "tags": {
              "Name": "webserver_EBS_SG"
            },
            "timeouts": null,
            "vpc_id": "vpc-80c924fd"
          },
          "private": "eyJlMmJmYjczMC1lY2FhLTExZTYtOGY4OC0zNDM2M2JjN2M0YzAiOnsiY3JlYXRlIjo2MDAwMDAwMDAwMDAsImRlbGV0ZSI6NjAwMDAwMDAwMDAwfSwic2NoZW1hX3ZlcnNpb24iOiIxIn0="
        }
      ]
    },
    {
      "mode": "managed",
      "type": "aws_volume_attachment",
      "name": "ebs_att",
      "provider": "provider.aws",
      "instances": []
    },
    {
      "mode": "managed",
      "type": "null_resource",
      "name": "appned_link",
      "provider": "provider.null",
      "instances": []
    },
    {
      "mode": "managed",
      "type": "null_resource",
      "name": "local_exec",
      "provider": "provider.null",
      "instances": [
        {
          "schema_version": 0,
          "attributes": {
            "id": "2225537227857917515",
            "triggers": null
          }
        }
      ]
    },
    {
      "mode": "managed",
      "type": "null_resource",
      "name": "mounting",
      "provider": "provider.null",
      "instances": []
    },
    {
      "mode": "managed",
      "type": "null_resource",
      "name": "show_website",
      "provider": "provider.null",
      "instances": []
    },
    {
      "mode": "managed",
      "type": "null_resource",
      "name": "while_destroy",
      "provider": "provider.null",
      "instances": [
        {
          "schema_version": 0,
          "attributes": {
            "id": "3095520147136388486",
            "triggers": null
          }
        }
      ]
    },
    {
      "mode": "managed",
      "type": "tls_private_key",
      "name": "key01",
      "provider": "provider.tls",
      "instances": [
        {
          "schema_version": 0,
          "attributes": {
            "algorithm": "RSA",
            "ecdsa_curve": "P224",
            "id": "3d027139b4c819fa9d3e2d7fe3826a1864a11d27",
            "private_key_pem": "-----BEGIN RSA PRIVATE KEY-----\nMIIEpQIBAAKCAQEAwbCi442qPUrgi+eNVCx7qoaTXAOwpER8nE7PhsZHfbfxds0s\nPtEdDRkYM5Smj2oB6Zha3SVwHAzmmJZFT0pMpn+NSbONPNw1bOEYka9DTo7qsV3q\ngfqnJmq+s4ugTc3lNglkYaL5OlZCE/jjnJxdX+rsd+GUkXhiAVeuuVfjmgXbXyqZ\nUwtX+fYLd1L8YIIv+N7akJLor7uqd30HZX85P4xFeuUqVtzo+yttOEfqCLvd7Kao\nsj1W/YBkANN0T6ooU0IiKlyUMDxBKCwIZjLnAwyhKtu2C4bS5lxBJAwQrCqdNscv\n22vuMKYFPw9YR4DKx3aEM5hRDfFPBMXayiHbqQIDAQABAoIBAQCzlvIRh6MXnbvC\nPPqf13b60DkGEi3QwefAjpqBXoufF9T90JN70yzanjAAc45UX3hSfX+SmUnv2E5f\noMW3FS8pGg+JDMCic5Pd1oCPZDBGQOF/f5MW3a/qQQN9OrNyMLycc+ztUs0/uAcg\nuZ9h8OHrM8n6BeFZWIOWtxQ8qi9Q+QuRPLm1Rszy1cxo+X5sEikBGW3e5UqZ8ZXC\nW2GImEOZgUt4Z8C7XfcsyaTKRIK3YIyigVSDuOkqAR0YuSYji+uv/Ilm8a+ORiCk\n2Q2yyVNa48YwAcpw6OyrtPFlGh/kDPO965wPOOzR6gaSBDHZ9THjzo7Z/GaAwBgR\nesbBOL9hAoGBAOyh4RwnSB0wpz4y2tZ4lHfw/smtd6uYM6Lnz3Yw2yoiVBvk7wqZ\nvWSf18RFX1qkdqdj4et4BekaBq+TXQerhjmqI2HFz2V5e2Q/dRay/+b93nzHoLsB\n92IqcRck6ghc7MnHOiVVi16ZnN/TCXK4yl60mzYx8od6aQh7A7TkbuMlAoGBANGK\n/hDiDUhg70pg3VPCxL1mrh0rp+AMpyWqr6pqZejnfjF7Y8wgDA0ctiRerUoF2I3n\nrS0q7RoS2jEnpUsUE45JgOw1fTAybZZUqrL/Aor8RyMIMKpkMu1frMq57yUkSrW0\nuqzVWEhLykM9ld5JD5FAmSa5JaV1aF9FACb5y/E1AoGAJ5ZdZqxbsCZ3lDxFyCOc\nEwTKW0sd/iMUYGiPmKJLyBy+HXyLUSavPKpRGpDQhwWEpDRdk1sdAgZMoArzQVk8\nt2DzUmQZckyEjBzhpc6EaUyHcDClfyOxE0cubETMsmF5a7hczeolysnAKOHRbtPj\nZzynysVIYcnk0HpkAFtHAdECgYEAj732LWS0UetVG0O5cEUSqw6t8ArLfVGQs7EU\nEiYsxIlQsub+/b8aJUCF3gsoerfp5uZ/kJV60sEN9lxI8mjSRXA8xUyoFRDyxgZM\nlr+CYg9PSUPMBob3vIg+Q08rMuJjcaSJzhgIGIgNNvUfQr4BtNWIedzWa1tP/tKZ\nmSMQeOUCgYEAhRyg4DUqxKhNjLufiBjSc4exnP9z+pMMMl6SNBNjSbj2X+Qtz+nn\nEcdnWMJ4stvghdxXSUVTjRgteuvG8K8zqMaLDkUvxqN/p2zrTsUhtkAzUyatkoIJ\nqMIO/8nedLO3XTGPSYyAhnql2uDb3ON3um3LlRUiV4gEuqsxuK/cYP8=\n-----END RSA PRIVATE KEY-----\n",
            "public_key_fingerprint_md5": "8d:33:c5:b6:c9:da:6a:54:b8:dd:18:fa:4b:fc:16:86",
            "public_key_openssh": "ssh-rsa AAAAB3NzaC1yc2EAAAADAQABAAABAQDBsKLjjao9SuCL541ULHuqhpNcA7CkRHycTs+Gxkd9t/F2zSw+0R0NGRgzlKaPagHpmFrdJXAcDOaYlkVPSkymf41Js4083DVs4RiRr0NOjuqxXeqB+qcmar6zi6BNzeU2CWRhovk6VkIT+OOcnF1f6ux34ZSReGIBV665V+OaBdtfKplTC1f59gt3Uvxggi/43tqQkuivu6p3fQdlfzk/jEV65SpW3Oj7K204R+oIu93spqiyPVb9gGQA03RPqihTQiIqXJQwPEEoLAhmMucDDKEq27YLhtLmXEEkDBCsKp02xy/ba+4wpgU/D1hHgMrHdoQzmFEN8U8ExdrKIdup\n",
            "public_key_pem": "-----BEGIN PUBLIC KEY-----\nMIIBIjANBgkqhkiG9w0BAQEFAAOCAQ8AMIIBCgKCAQEAwbCi442qPUrgi+eNVCx7\nqoaTXAOwpER8nE7PhsZHfbfxds0sPtEdDRkYM5Smj2oB6Zha3SVwHAzmmJZFT0pM\npn+NSbONPNw1bOEYka9DTo7qsV3qgfqnJmq+s4ugTc3lNglkYaL5OlZCE/jjnJxd\nX+rsd+GUkXhiAVeuuVfjmgXbXyqZUwtX+fYLd1L8YIIv+N7akJLor7uqd30HZX85\nP4xFeuUqVtzo+yttOEfqCLvd7Kaosj1W/YBkANN0T6ooU0IiKlyUMDxBKCwIZjLn\nAwyhKtu2C4bS5lxBJAwQrCqdNscv22vuMKYFPw9YR4DKx3aEM5hRDfFPBMXayiHb\nqQIDAQAB\n-----END PUBLIC KEY-----\n",
            "rsa_bits": 2048
          },
          "private": "bnVsbA=="
        }
      ]
    }
  ]
}
